
Microsoft Visual Studio Solution File, Format Version 12.00
# Visual Studio 15
VisualStudioVersion = 15.0.27428.2037
MinimumVisualStudioVersion = 10.0.40219.1
Project("{FAE04EC0-301F-11D3-BF4B-00C04F79EFBC}") = "Message Decrypter", "Message Decrypter\Message Decrypter.csproj", "{6CEBB73B-45E3-4A91-A55D-1D003EBC4EF0}"
EndProject
Global
	GlobalSection(SolutionConfigurationPlatforms) = preSolution
		Debug|Any CPU = Debug|Any CPU
		Release|Any CPU = Release|Any CPU
	EndGlobalSection
	GlobalSection(ProjectConfigurationPlatforms) = postSolution
		{6CEBB73B-45E3-4A91-A55D-1D003EBC4EF0}.Debug|Any CPU.ActiveCfg = Debug|Any CPU
		{6CEBB73B-45E3-4A91-A55D-1D003EBC4EF0}.Debug|Any CPU.Build.0 = Debug|Any CPU
		{6CEBB73B-45E3-4A91-A55D-1D003EBC4EF0}.Release|Any CPU.ActiveCfg = Release|Any CPU
		{6CEBB73B-45E3-4A91-A55D-1D003EBC4EF0}.Release|Any CPU.Build.0 = Release|Any CPU
	EndGlobalSection
	GlobalSection(SolutionProperties) = preSolution
		HideSolutionNode = FALSE
	EndGlobalSection
	GlobalSection(ExtensibilityGlobals) = postSolution
		SolutionGuid = {F238FCF8-657D-4E67-B48E-CB956E7CFDB1}
	EndGlobalSection
EndGlobal
