
Microsoft Visual Studio Solution File, Format Version 12.00
# Visual Studio 15
VisualStudioVersion = 15.0.27428.2037
MinimumVisualStudioVersion = 10.0.40219.1
Project("{FAE04EC0-301F-11D3-BF4B-00C04F79EFBC}") = "Messages Manager", "Messages Manager\Messages Manager.csproj", "{8AF99552-558D-41B9-8FF8-A82858C0DF9A}"
EndProject
Global
	GlobalSection(SolutionConfigurationPlatforms) = preSolution
		Debug|Any CPU = Debug|Any CPU
		Release|Any CPU = Release|Any CPU
	EndGlobalSection
	GlobalSection(ProjectConfigurationPlatforms) = postSolution
		{8AF99552-558D-41B9-8FF8-A82858C0DF9A}.Debug|Any CPU.ActiveCfg = Debug|Any CPU
		{8AF99552-558D-41B9-8FF8-A82858C0DF9A}.Debug|Any CPU.Build.0 = Debug|Any CPU
		{8AF99552-558D-41B9-8FF8-A82858C0DF9A}.Release|Any CPU.ActiveCfg = Release|Any CPU
		{8AF99552-558D-41B9-8FF8-A82858C0DF9A}.Release|Any CPU.Build.0 = Release|Any CPU
	EndGlobalSection
	GlobalSection(SolutionProperties) = preSolution
		HideSolutionNode = FALSE
	EndGlobalSection
	GlobalSection(ExtensibilityGlobals) = postSolution
		SolutionGuid = {C958D279-CC6E-48C0-A292-E3709C179924}
	EndGlobalSection
EndGlobal
